
Microsoft Visual Studio Solution File, Format Version 12.00
# Visual Studio Version 16
VisualStudioVersion = 16.0.32106.194
MinimumVisualStudioVersion = 10.0.40219.1
Project("{FAE04EC0-301F-11D3-BF4B-00C04F79EFBC}") = "WebApplication1", "WebApplication1\WebApplication1.csproj", "{31EEB811-DFB3-4EE2-8E00-370B839880AD}"
EndProject
Global
	GlobalSection(SolutionConfigurationPlatforms) = preSolution
		Debug|Any CPU = Debug|Any CPU
		Release|Any CPU = Release|Any CPU
	EndGlobalSection
	GlobalSection(ProjectConfigurationPlatforms) = postSolution
		{31EEB811-DFB3-4EE2-8E00-370B839880AD}.Debug|Any CPU.ActiveCfg = Debug|Any CPU
		{31EEB811-DFB3-4EE2-8E00-370B839880AD}.Debug|Any CPU.Build.0 = Debug|Any CPU
		{31EEB811-DFB3-4EE2-8E00-370B839880AD}.Release|Any CPU.ActiveCfg = Release|Any CPU
		{31EEB811-DFB3-4EE2-8E00-370B839880AD}.Release|Any CPU.Build.0 = Release|Any CPU
	EndGlobalSection
	GlobalSection(SolutionProperties) = preSolution
		HideSolutionNode = FALSE
	EndGlobalSection
	GlobalSection(ExtensibilityGlobals) = postSolution
		SolutionGuid = {3AE84C83-69DB-48A8-8098-767BBFD3F7D3}
	EndGlobalSection
EndGlobal
